
Microsoft Visual Studio Solution File, Format Version 12.00
# Visual Studio Version 17
VisualStudioVersion = 17.1.32127.271
MinimumVisualStudioVersion = 10.0.40219.1
Project("{9A19103F-16F7-4668-BE54-9A1E7A4F7556}") = "Dynamics365ImportData", "Dynamics365ImportData\Dynamics365ImportData.csproj", "{8B5AA8A7-454A-40BE-A14F-7FB170427908}"
EndProject
Project("{FAE04EC0-301F-11D3-BF4B-00C04F79EFBC}") = "Dynamics365ImportData.Tests", "Dynamics365ImportData.Tests\Dynamics365ImportData.Tests.csproj", "{26F51E3A-1CF6-42E6-A68E-B628DBA6407E}"
EndProject
Global
	GlobalSection(SolutionConfigurationPlatforms) = preSolution
		Debug|Any CPU = Debug|Any CPU
		Debug|x64 = Debug|x64
		Debug|x86 = Debug|x86
		Release|Any CPU = Release|Any CPU
		Release|x64 = Release|x64
		Release|x86 = Release|x86
	EndGlobalSection
	GlobalSection(ProjectConfigurationPlatforms) = postSolution
		{8B5AA8A7-454A-40BE-A14F-7FB170427908}.Debug|Any CPU.ActiveCfg = Debug|Any CPU
		{8B5AA8A7-454A-40BE-A14F-7FB170427908}.Debug|Any CPU.Build.0 = Debug|Any CPU
		{8B5AA8A7-454A-40BE-A14F-7FB170427908}.Debug|x64.ActiveCfg = Debug|Any CPU
		{8B5AA8A7-454A-40BE-A14F-7FB170427908}.Debug|x64.Build.0 = Debug|Any CPU
		{8B5AA8A7-454A-40BE-A14F-7FB170427908}.Debug|x86.ActiveCfg = Debug|Any CPU
		{8B5AA8A7-454A-40BE-A14F-7FB170427908}.Debug|x86.Build.0 = Debug|Any CPU
		{8B5AA8A7-454A-40BE-A14F-7FB170427908}.Release|Any CPU.ActiveCfg = Release|Any CPU
		{8B5AA8A7-454A-40BE-A14F-7FB170427908}.Release|Any CPU.Build.0 = Release|Any CPU
		{8B5AA8A7-454A-40BE-A14F-7FB170427908}.Release|x64.ActiveCfg = Release|Any CPU
		{8B5AA8A7-454A-40BE-A14F-7FB170427908}.Release|x64.Build.0 = Release|Any CPU
		{8B5AA8A7-454A-40BE-A14F-7FB170427908}.Release|x86.ActiveCfg = Release|Any CPU
		{8B5AA8A7-454A-40BE-A14F-7FB170427908}.Release|x86.Build.0 = Release|Any CPU
		{26F51E3A-1CF6-42E6-A68E-B628DBA6407E}.Debug|Any CPU.ActiveCfg = Debug|Any CPU
		{26F51E3A-1CF6-42E6-A68E-B628DBA6407E}.Debug|Any CPU.Build.0 = Debug|Any CPU
		{26F51E3A-1CF6-42E6-A68E-B628DBA6407E}.Debug|x64.ActiveCfg = Debug|Any CPU
		{26F51E3A-1CF6-42E6-A68E-B628DBA6407E}.Debug|x64.Build.0 = Debug|Any CPU
		{26F51E3A-1CF6-42E6-A68E-B628DBA6407E}.Debug|x86.ActiveCfg = Debug|Any CPU
		{26F51E3A-1CF6-42E6-A68E-B628DBA6407E}.Debug|x86.Build.0 = Debug|Any CPU
		{26F51E3A-1CF6-42E6-A68E-B628DBA6407E}.Release|Any CPU.ActiveCfg = Release|Any CPU
		{26F51E3A-1CF6-42E6-A68E-B628DBA6407E}.Release|Any CPU.Build.0 = Release|Any CPU
		{26F51E3A-1CF6-42E6-A68E-B628DBA6407E}.Release|x64.ActiveCfg = Release|Any CPU
		{26F51E3A-1CF6-42E6-A68E-B628DBA6407E}.Release|x64.Build.0 = Release|Any CPU
		{26F51E3A-1CF6-42E6-A68E-B628DBA6407E}.Release|x86.ActiveCfg = Release|Any CPU
		{26F51E3A-1CF6-42E6-A68E-B628DBA6407E}.Release|x86.Build.0 = Release|Any CPU
	EndGlobalSection
	GlobalSection(SolutionProperties) = preSolution
		HideSolutionNode = FALSE
	EndGlobalSection
	GlobalSection(ExtensibilityGlobals) = postSolution
		SolutionGuid = {11E737C7-17FE-4B72-B8D4-8210DBAF4A32}
	EndGlobalSection
EndGlobal
